
Microsoft Visual Studio Solution File, Format Version 12.00
# Visual Studio Version 17
VisualStudioVersion = 17.7.34031.279
MinimumVisualStudioVersion = 10.0.40219.1
Project("{FAE04EC0-301F-11D3-BF4B-00C04F79EFBC}") = "DevEfficacePRJ01", "DevEfficacePRJ01.csproj", "{2FF19AEC-E8EB-41A9-88CC-D15CC4E46D2B}"
EndProject
Global
	GlobalSection(SolutionConfigurationPlatforms) = preSolution
		Debug|Any CPU = Debug|Any CPU
		Release|Any CPU = Release|Any CPU
	EndGlobalSection
	GlobalSection(ProjectConfigurationPlatforms) = postSolution
		{2FF19AEC-E8EB-41A9-88CC-D15CC4E46D2B}.Debug|Any CPU.ActiveCfg = Debug|Any CPU
		{2FF19AEC-E8EB-41A9-88CC-D15CC4E46D2B}.Debug|Any CPU.Build.0 = Debug|Any CPU
		{2FF19AEC-E8EB-41A9-88CC-D15CC4E46D2B}.Release|Any CPU.ActiveCfg = Release|Any CPU
		{2FF19AEC-E8EB-41A9-88CC-D15CC4E46D2B}.Release|Any CPU.Build.0 = Release|Any CPU
	EndGlobalSection
	GlobalSection(SolutionProperties) = preSolution
		HideSolutionNode = FALSE
	EndGlobalSection
	GlobalSection(ExtensibilityGlobals) = postSolution
		SolutionGuid = {42518FEA-DE58-4B52-891B-9BCEC4536E47}
	EndGlobalSection
EndGlobal
